Microsoft Visual Studio Solution File, Format Version 12.00
# Visual Studio Version 17
VisualStudioVersion = 17.5.2.0
MinimumVisualStudioVersion = 10.0.40219.1
Project("{FAE04EC0-301F-11D3-BF4B-00C04F79EFBC}") = "lesson02", "lesson02.csproj", "{943C9B90-DEF5-765B-D46B-91D8D53C727C}"
EndProject
Global
	GlobalSection(SolutionConfigurationPlatforms) = preSolution
		Debug|Any CPU = Debug|Any CPU
		Release|Any CPU = Release|Any CPU
	EndGlobalSection
	GlobalSection(ProjectConfigurationPlatforms) = postSolution
		{943C9B90-DEF5-765B-D46B-91D8D53C727C}.Debug|Any CPU.ActiveCfg = Debug|Any CPU
		{943C9B90-DEF5-765B-D46B-91D8D53C727C}.Debug|Any CPU.Build.0 = Debug|Any CPU
		{943C9B90-DEF5-765B-D46B-91D8D53C727C}.Release|Any CPU.ActiveCfg = Release|Any CPU
		{943C9B90-DEF5-765B-D46B-91D8D53C727C}.Release|Any CPU.Build.0 = Release|Any CPU
	EndGlobalSection
	GlobalSection(SolutionProperties) = preSolution
		HideSolutionNode = FALSE
	EndGlobalSection
	GlobalSection(ExtensibilityGlobals) = postSolution
		SolutionGuid = {5AD602BB-B773-4AB8-BA87-BAF2DA431143}
	EndGlobalSection
EndGlobal
